
Microsoft Visual Studio Solution File, Format Version 12.00
# Visual Studio Version 17
VisualStudioVersion = 17.1.32210.238
MinimumVisualStudioVersion = 10.0.40219.1
Project("{9A19103F-16F7-4668-BE54-9A1E7A4F7556}") = "BookStoreWeb", "BookStoreWeb\BookStoreWeb.csproj", "{C07AA308-12D7-44AB-AE49-DFDCABF799B5}"
EndProject
Project("{FAE04EC0-301F-11D3-BF4B-00C04F79EFBC}") = "BookStore.DataAccess", "BookStore.DataAccess\BookStore.DataAccess.csproj", "{4F068BCC-BA71-4182-8A87-6578D38486F5}"
EndProject
Project("{FAE04EC0-301F-11D3-BF4B-00C04F79EFBC}") = "BookStore.Models", "BookStore.Models\BookStore.Models.csproj", "{58105DDE-4762-4AA2-968C-50CB2F28E7B2}"
EndProject
Project("{FAE04EC0-301F-11D3-BF4B-00C04F79EFBC}") = "BookStore.Utility", "BookStore.Utility\BookStore.Utility.csproj", "{8C08E604-B2A6-45CB-88C1-56E55B20EB1D}"
EndProject
Global
	GlobalSection(SolutionConfigurationPlatforms) = preSolution
		Debug|Any CPU = Debug|Any CPU
		Release|Any CPU = Release|Any CPU
	EndGlobalSection
	GlobalSection(ProjectConfigurationPlatforms) = postSolution
		{C07AA308-12D7-44AB-AE49-DFDCABF799B5}.Debug|Any CPU.ActiveCfg = Debug|Any CPU
		{C07AA308-12D7-44AB-AE49-DFDCABF799B5}.Debug|Any CPU.Build.0 = Debug|Any CPU
		{C07AA308-12D7-44AB-AE49-DFDCABF799B5}.Release|Any CPU.ActiveCfg = Release|Any CPU
		{C07AA308-12D7-44AB-AE49-DFDCABF799B5}.Release|Any CPU.Build.0 = Release|Any CPU
		{4F068BCC-BA71-4182-8A87-6578D38486F5}.Debug|Any CPU.ActiveCfg = Debug|Any CPU
		{4F068BCC-BA71-4182-8A87-6578D38486F5}.Debug|Any CPU.Build.0 = Debug|Any CPU
		{4F068BCC-BA71-4182-8A87-6578D38486F5}.Release|Any CPU.ActiveCfg = Release|Any CPU
		{4F068BCC-BA71-4182-8A87-6578D38486F5}.Release|Any CPU.Build.0 = Release|Any CPU
		{58105DDE-4762-4AA2-968C-50CB2F28E7B2}.Debug|Any CPU.ActiveCfg = Debug|Any CPU
		{58105DDE-4762-4AA2-968C-50CB2F28E7B2}.Debug|Any CPU.Build.0 = Debug|Any CPU
		{58105DDE-4762-4AA2-968C-50CB2F28E7B2}.Release|Any CPU.ActiveCfg = Release|Any CPU
		{58105DDE-4762-4AA2-968C-50CB2F28E7B2}.Release|Any CPU.Build.0 = Release|Any CPU
		{8C08E604-B2A6-45CB-88C1-56E55B20EB1D}.Debug|Any CPU.ActiveCfg = Debug|Any CPU
		{8C08E604-B2A6-45CB-88C1-56E55B20EB1D}.Debug|Any CPU.Build.0 = Debug|Any CPU
		{8C08E604-B2A6-45CB-88C1-56E55B20EB1D}.Release|Any CPU.ActiveCfg = Release|Any CPU
		{8C08E604-B2A6-45CB-88C1-56E55B20EB1D}.Release|Any CPU.Build.0 = Release|Any CPU
	EndGlobalSection
	GlobalSection(SolutionProperties) = preSolution
		HideSolutionNode = FALSE
	EndGlobalSection
	GlobalSection(ExtensibilityGlobals) = postSolution
		SolutionGuid = {09CB67F8-9E16-4CB6-AEBD-FB9699A296D9}
	EndGlobalSection
EndGlobal
